
Microsoft Visual Studio Solution File, Format Version 12.00
# Visual Studio 15
VisualStudioVersion = 15.0.28307.572
MinimumVisualStudioVersion = 10.0.40219.1
Project("{FAE04EC0-301F-11D3-BF4B-00C04F79EFBC}") = "MyFirstUnitTests", "MyFirstUnitTests\MyFirstUnitTests.csproj", "{CA98CCF6-B1CB-483B-8AB4-300BB06D7E0B}"
EndProject
Project("{FAE04EC0-301F-11D3-BF4B-00C04F79EFBC}") = "TestMoq", "TestMoq\TestMoq.csproj", "{782391E7-B80F-403A-8ABB-FA29CEEDD489}"
EndProject
Global
	GlobalSection(SolutionConfigurationPlatforms) = preSolution
		Debug|Any CPU = Debug|Any CPU
		Release|Any CPU = Release|Any CPU
	EndGlobalSection
	GlobalSection(ProjectConfigurationPlatforms) = postSolution
		{CA98CCF6-B1CB-483B-8AB4-300BB06D7E0B}.Debug|Any CPU.ActiveCfg = Debug|Any CPU
		{CA98CCF6-B1CB-483B-8AB4-300BB06D7E0B}.Debug|Any CPU.Build.0 = Debug|Any CPU
		{CA98CCF6-B1CB-483B-8AB4-300BB06D7E0B}.Release|Any CPU.ActiveCfg = Release|Any CPU
		{CA98CCF6-B1CB-483B-8AB4-300BB06D7E0B}.Release|Any CPU.Build.0 = Release|Any CPU
		{782391E7-B80F-403A-8ABB-FA29CEEDD489}.Debug|Any CPU.ActiveCfg = Debug|Any CPU
		{782391E7-B80F-403A-8ABB-FA29CEEDD489}.Debug|Any CPU.Build.0 = Debug|Any CPU
		{782391E7-B80F-403A-8ABB-FA29CEEDD489}.Release|Any CPU.ActiveCfg = Release|Any CPU
		{782391E7-B80F-403A-8ABB-FA29CEEDD489}.Release|Any CPU.Build.0 = Release|Any CPU
	EndGlobalSection
	GlobalSection(SolutionProperties) = preSolution
		HideSolutionNode = FALSE
	EndGlobalSection
	GlobalSection(ExtensibilityGlobals) = postSolution
		SolutionGuid = {CB3BC734-05E7-41F2-BD57-6A3D778A4E6C}
	EndGlobalSection
EndGlobal
