
Microsoft Visual Studio Solution File, Format Version 12.00
# Visual Studio 15
VisualStudioVersion = 15.0.28307.572
MinimumVisualStudioVersion = 10.0.40219.1
Project("{FAE04EC0-301F-11D3-BF4B-00C04F79EFBC}") = "TestConnected", "TestConnected\TestConnected.csproj", "{11AB91FF-F6F1-4F1E-9135-96B87194CC53}"
EndProject
Global
	GlobalSection(SolutionConfigurationPlatforms) = preSolution
		Debug|Any CPU = Debug|Any CPU
		Release|Any CPU = Release|Any CPU
	EndGlobalSection
	GlobalSection(ProjectConfigurationPlatforms) = postSolution
		{11AB91FF-F6F1-4F1E-9135-96B87194CC53}.Debug|Any CPU.ActiveCfg = Debug|Any CPU
		{11AB91FF-F6F1-4F1E-9135-96B87194CC53}.Debug|Any CPU.Build.0 = Debug|Any CPU
		{11AB91FF-F6F1-4F1E-9135-96B87194CC53}.Release|Any CPU.ActiveCfg = Release|Any CPU
		{11AB91FF-F6F1-4F1E-9135-96B87194CC53}.Release|Any CPU.Build.0 = Release|Any CPU
	EndGlobalSection
	GlobalSection(SolutionProperties) = preSolution
		HideSolutionNode = FALSE
	EndGlobalSection
	GlobalSection(ExtensibilityGlobals) = postSolution
		SolutionGuid = {C89EC780-BDEC-4676-87AF-DF37EC1E177D}
	EndGlobalSection
EndGlobal
